# This file is automatically @generated by Cargo.
# It is not intended for manual editing.
version = 4

[[package]]
name = "vcam-fake-iphone"
version = "0.1.0"
dependencies = [
 "vcam-net",
 "vcam-protocol",
]

[[package]]
name = "vcam-net"
version = "0.1.0"
dependencies = [
 "vcam-protocol",
]

[[package]]
name = "vcam-protocol"
version = "0.1.0"

[[package]]
name = "vcam-py"
version = "0.1.0"
dependencies = [
 "vcam-net",
 "vcam-protocol",
 "vcam-video",
]

[[package]]
name = "vcam-video"
version = "0.1.0"
dependencies = [
 "vcam-protocol",
]
