// !$*UTF8*$!
{
	archiveVersion = 1;
	classes = {
	};
	objectVersion = 77;
	objects = {

/* Begin PBXBuildFile section */
		7C0DE5A10000000000000021 /* SRP in Frameworks */ = {isa = PBXBuildFile; productRef = 7C0DE5A10000000000000011 /* SRP */; };
		7C0DE5A10000000000000022 /* BigNum in Frameworks */ = {isa = PBXBuildFile; productRef = 7C0DE5A10000000000000012 /* BigNum */; };
		7C0DE5A10000000000000023 /* SRP in Frameworks */ = {isa = PBXBuildFile; productRef = 7C0DE5A10000000000000013 /* SRP */; };
		7C0DE5A10000000000000024 /* BigNum in Frameworks */ = {isa = PBXBuildFile; productRef = 7C0DE5A10000000000000014 /* BigNum */; };
		7C0DE7E57DA7A00000000002 /* testdata in Resources */ = {isa = PBXBuildFile; fileRef = 7C0DE7E57DA7A00000000001 /* testdata */; };
/* End PBXBuildFile section */

/* Begin PBXContainerItemProxy section */
		9E74B7DF2F84AF9400B754DD /* PBXContainerItemProxy */ = {
			isa = PBXContainerItemProxy;
			containerPortal = 9EE25E052F8410E3009FB801 /* Project object */;
			proxyType = 1;
			remoteGlobalIDString = 9EE25E0C2F8410E3009FB801;
			remoteInfo = SightlineIOS;
		};
/* End PBXContainerItemProxy section */

/* Begin PBXFileReference section */
		7C0DE5160000000000000001 /* Signing.xcconfig */ = {isa = PBXFileReference; lastKnownFileType = text.xcconfig; path = Signing.xcconfig; sourceTree = "<group>"; };
		7C0DE7E57DA7A00000000001 /* testdata */ = {isa = PBXFileReference; lastKnownFileType = folder; name = testdata; path = ../testdata; sourceTree = "<group>"; };
		9E74B7DB2F84AF9400B754DD /* SightlineIOSTests.xctest */ = {isa = PBXFileReference; explicitFileType = wrapper.cfbundle; includeInIndex = 0; path = SightlineIOSTests.xctest; sourceTree = BUILT_PRODUCTS_DIR; };
		9EE25E0D2F8410E3009FB801 /* SightlineIOS.app */ = {isa = PBXFileReference; explicitFileType = wrapper.application; includeInIndex = 0; path = SightlineIOS.app; sourceTree = BUILT_PRODUCTS_DIR; };
/* End PBXFileReference section */

/* Begin PBXFileSystemSynchronizedBuildFileExceptionSet section */
		9E380C5A2F8567040073B53B /* Exceptions for "SightlineIOS" folder in "SightlineIOSTests" target */ = {
			isa = PBXFileSystemSynchronizedBuildFileExceptionSet;
			membershipExceptions = (
				HostDiscovery.swift,
                PairingStore.swift,
				SceneUnderstanding.swift,
				StatusHUD.swift,
				TrackingPipeline.swift,
				UDPSender.swift,
				VCP/VCPControl.swift,
				VCP/VCPCoordinates.swift,
				VCP/VCPEndpoint.swift,
				VCP/VCPMessages.swift,
				VCP/VCPPairing.swift,
				VCP/VCPSessionClient.swift,
				VCP/VCPTrackingState.swift,
			);
			target = 9E74B7DA2F84AF9400B754DD /* SightlineIOSTests */;
		};
		9EE25E4F2F841849009FB801 /* Exceptions for "SightlineIOS" folder in "SightlineIOS" target */ = {
			isa = PBXFileSystemSynchronizedBuildFileExceptionSet;
			membershipExceptions = (
				PLAN.md,
			);
			target = 9EE25E0C2F8410E3009FB801 /* SightlineIOS */;
		};
/* End PBXFileSystemSynchronizedBuildFileExceptionSet section */

/* Begin PBXFileSystemSynchronizedRootGroup section */
		9E74B7DC2F84AF9400B754DD /* SightlineIOSTests */ = {
			isa = PBXFileSystemSynchronizedRootGroup;
			path = SightlineIOSTests;
			sourceTree = "<group>";
		};
		9EE25E452F841844009FB801 /* SightlineIOS */ = {
			isa = PBXFileSystemSynchronizedRootGroup;
			exceptions = (
				9EE25E4F2F841849009FB801 /* Exceptions for "SightlineIOS" folder in "SightlineIOS" target */,
				9E380C5A2F8567040073B53B /* Exceptions for "SightlineIOS" folder in "SightlineIOSTests" target */,
			);
			path = SightlineIOS;
			sourceTree = "<group>";
		};
/* End PBXFileSystemSynchronizedRootGroup section */

/* Begin PBXFrameworksBuildPhase section */
		9E74B7D82F84AF9400B754DD /* Frameworks */ = {
			isa = PBXFrameworksBuildPhase;
			buildActionMask = 2147483647;
			files = (
				7C0DE5A10000000000000023 /* SRP in Frameworks */,
				7C0DE5A10000000000000024 /* BigNum in Frameworks */,
			);
			runOnlyForDeploymentPostprocessing = 0;
		};
		9EE25E0A2F8410E3009FB801 /* Frameworks */ = {
			isa = PBXFrameworksBuildPhase;
			buildActionMask = 2147483647;
			files = (
				7C0DE5A10000000000000021 /* SRP in Frameworks */,
				7C0DE5A10000000000000022 /* BigNum in Frameworks */,
			);
			runOnlyForDeploymentPostprocessing = 0;
		};
/* End PBXFrameworksBuildPhase section */

/* Begin PBXGroup section */
		9EE25E042F8410E3009FB801 = {
			isa = PBXGroup;
			children = (
				9EE25E452F841844009FB801 /* SightlineIOS */,
				9E74B7DC2F84AF9400B754DD /* SightlineIOSTests */,
				7C0DE7E57DA7A00000000001 /* testdata */,
				7C0DE5160000000000000001 /* Signing.xcconfig */,
				9EE25E0E2F8410E3009FB801 /* Products */,
			);
			sourceTree = "<group>";
		};
		9EE25E0E2F8410E3009FB801 /* Products */ = {
			isa = PBXGroup;
			children = (
				9EE25E0D2F8410E3009FB801 /* SightlineIOS.app */,
				9E74B7DB2F84AF9400B754DD /* SightlineIOSTests.xctest */,
			);
			name = Products;
			sourceTree = "<group>";
		};
/* End PBXGroup section */

/* Begin PBXNativeTarget section */
		9E74B7DA2F84AF9400B754DD /* SightlineIOSTests */ = {
			isa = PBXNativeTarget;
			buildConfigurationList = 9E74B7E12F84AF9400B754DD /* Build configuration list for PBXNativeTarget "SightlineIOSTests" */;
			buildPhases = (
				9E74B7D72F84AF9400B754DD /* Sources */,
				9E74B7D82F84AF9400B754DD /* Frameworks */,
				9E74B7D92F84AF9400B754DD /* Resources */,
			);
			buildRules = (
			);
			dependencies = (
				9E74B7E02F84AF9400B754DD /* PBXTargetDependency */,
			);
			fileSystemSynchronizedGroups = (
				9E74B7DC2F84AF9400B754DD /* SightlineIOSTests */,
			);
			name = SightlineIOSTests;
			packageProductDependencies = (
				7C0DE5A10000000000000013 /* SRP */,
				7C0DE5A10000000000000014 /* BigNum */,
			);
			productName = SightlineIOSTests;
			productReference = 9E74B7DB2F84AF9400B754DD /* SightlineIOSTests.xctest */;
			productType = "com.apple.product-type.bundle.unit-test";
		};
		9EE25E0C2F8410E3009FB801 /* SightlineIOS */ = {
			isa = PBXNativeTarget;
			buildConfigurationList = 9EE25E182F8410E5009FB801 /* Build configuration list for PBXNativeTarget "SightlineIOS" */;
			buildPhases = (
				9EE25E092F8410E3009FB801 /* Sources */,
				9EE25E0A2F8410E3009FB801 /* Frameworks */,
				9EE25E0B2F8410E3009FB801 /* Resources */,
			);
			buildRules = (
			);
			dependencies = (
			);
			fileSystemSynchronizedGroups = (
				9EE25E452F841844009FB801 /* SightlineIOS */,
			);
			name = SightlineIOS;
			packageProductDependencies = (
				7C0DE5A10000000000000011 /* SRP */,
				7C0DE5A10000000000000012 /* BigNum */,
			);
			productName = SightlineIOS;
			productReference = 9EE25E0D2F8410E3009FB801 /* SightlineIOS.app */;
			productType = "com.apple.product-type.application";
		};
/* End PBXNativeTarget section */

/* Begin PBXProject section */
		9EE25E052F8410E3009FB801 /* Project object */ = {
			isa = PBXProject;
			attributes = {
				BuildIndependentTargetsInParallel = 1;
				LastSwiftUpdateCheck = 2640;
				LastUpgradeCheck = 2640;
				TargetAttributes = {
					9E74B7DA2F84AF9400B754DD = {
						CreatedOnToolsVersion = 26.4;
					};
					9EE25E0C2F8410E3009FB801 = {
						CreatedOnToolsVersion = 26.4;
					};
				};
			};
			buildConfigurationList = 9EE25E082F8410E3009FB801 /* Build configuration list for PBXProject "SightlineIOS" */;
			developmentRegion = en;
			hasScannedForEncodings = 0;
			knownRegions = (
				en,
				Base,
			);
			mainGroup = 9EE25E042F8410E3009FB801;
			minimizedProjectReferenceProxies = 1;
			packageReferences = (
				7C0DE5A10000000000000001 /* XCRemoteSwiftPackageReference "swift-srp" */,
				7C0DE5A10000000000000002 /* XCRemoteSwiftPackageReference "big-num" */,
			);
			preferredProjectObjectVersion = 77;
			productRefGroup = 9EE25E0E2F8410E3009FB801 /* Products */;
			projectDirPath = "";
			projectRoot = "";
			targets = (
				9EE25E0C2F8410E3009FB801 /* SightlineIOS */,
				9E74B7DA2F84AF9400B754DD /* SightlineIOSTests */,
			);
		};
/* End PBXProject section */

/* Begin PBXResourcesBuildPhase section */
		9E74B7D92F84AF9400B754DD /* Resources */ = {
			isa = PBXResourcesBuildPhase;
			buildActionMask = 2147483647;
			files = (
				7C0DE7E57DA7A00000000002 /* testdata in Resources */,
			);
			runOnlyForDeploymentPostprocessing = 0;
		};
		9EE25E0B2F8410E3009FB801 /* Resources */ = {
			isa = PBXResourcesBuildPhase;
			buildActionMask = 2147483647;
			files = (
			);
			runOnlyForDeploymentPostprocessing = 0;
		};
/* End PBXResourcesBuildPhase section */

/* Begin PBXSourcesBuildPhase section */
		9E74B7D72F84AF9400B754DD /* Sources */ = {
			isa = PBXSourcesBuildPhase;
			buildActionMask = 2147483647;
			files = (
			);
			runOnlyForDeploymentPostprocessing = 0;
		};
		9EE25E092F8410E3009FB801 /* Sources */ = {
			isa = PBXSourcesBuildPhase;
			buildActionMask = 2147483647;
			files = (
			);
			runOnlyForDeploymentPostprocessing = 0;
		};
/* End PBXSourcesBuildPhase section */

/* Begin PBXTargetDependency section */
		9E74B7E02F84AF9400B754DD /* PBXTargetDependency */ = {
			isa = PBXTargetDependency;
			target = 9EE25E0C2F8410E3009FB801 /* SightlineIOS */;
			targetProxy = 9E74B7DF2F84AF9400B754DD /* PBXContainerItemProxy */;
		};
/* End PBXTargetDependency section */

/* Begin XCBuildConfiguration section */
		9E74B7E22F84AF9400B754DD /* Debug */ = {
			isa = XCBuildConfiguration;
			buildSettings = {
                CODE_SIGN_ENTITLEMENTS = Keychain.entitlements;
				CODE_SIGN_STYLE = Automatic;
				CURRENT_PROJECT_VERSION = 1;
				GENERATE_INFOPLIST_FILE = YES;
				MARKETING_VERSION = 1.0;
				PRODUCT_BUNDLE_IDENTIFIER = kr8t0s.SightlineTests;
				PRODUCT_NAME = "$(TARGET_NAME)";
				STRING_CATALOG_GENERATE_SYMBOLS = NO;
				SWIFT_APPROACHABLE_CONCURRENCY = YES;
				SWIFT_EMIT_LOC_STRINGS = NO;
				SWIFT_UPCOMING_FEATURE_MEMBER_IMPORT_VISIBILITY = YES;
				SWIFT_VERSION = 6.0;
				TARGETED_DEVICE_FAMILY = "1,2";
                TEST_HOST = "$(BUILT_PRODUCTS_DIR)/SightlineIOS.app/SightlineIOS";
                BUNDLE_LOADER = "$(TEST_HOST)";
			};
			name = Debug;
		};
		9E74B7E32F84AF9400B754DD /* Release */ = {
			isa = XCBuildConfiguration;
			buildSettings = {
                CODE_SIGN_ENTITLEMENTS = Keychain.entitlements;
				CODE_SIGN_STYLE = Automatic;
				CURRENT_PROJECT_VERSION = 1;
				GENERATE_INFOPLIST_FILE = YES;
				MARKETING_VERSION = 1.0;
				PRODUCT_BUNDLE_IDENTIFIER = kr8t0s.SightlineTests;
				PRODUCT_NAME = "$(TARGET_NAME)";
				STRING_CATALOG_GENERATE_SYMBOLS = NO;
				SWIFT_APPROACHABLE_CONCURRENCY = YES;
				SWIFT_EMIT_LOC_STRINGS = NO;
				SWIFT_UPCOMING_FEATURE_MEMBER_IMPORT_VISIBILITY = YES;
				SWIFT_VERSION = 6.0;
				TARGETED_DEVICE_FAMILY = "1,2";
                TEST_HOST = "$(BUILT_PRODUCTS_DIR)/SightlineIOS.app/SightlineIOS";
                BUNDLE_LOADER = "$(TEST_HOST)";
			};
			name = Release;
		};
		9EE25E162F8410E5009FB801 /* Debug */ = {
			isa = XCBuildConfiguration;
			baseConfigurationReference = 7C0DE5160000000000000001 /* Signing.xcconfig */;
			buildSettings = {
				ALWAYS_SEARCH_USER_PATHS = NO;
				ASSETCATALOG_COMPILER_GENERATE_SWIFT_ASSET_SYMBOL_EXTENSIONS = YES;
				CLANG_ANALYZER_NONNULL = YES;
				CLANG_ANALYZER_NUMBER_OBJECT_CONVERSION = YES_AGGRESSIVE;
				CLANG_CXX_LANGUAGE_STANDARD = "gnu++20";
				CLANG_ENABLE_MODULES = YES;
				CLANG_ENABLE_OBJC_ARC = YES;
				CLANG_ENABLE_OBJC_WEAK = YES;
				CLANG_WARN_BLOCK_CAPTURE_AUTORELEASING = YES;
				CLANG_WARN_BOOL_CONVERSION = YES;
				CLANG_WARN_COMMA = YES;
				CLANG_WARN_CONSTANT_CONVERSION = YES;
				CLANG_WARN_DEPRECATED_OBJC_IMPLEMENTATIONS = YES;
				CLANG_WARN_DIRECT_OBJC_ISA_USAGE = YES_ERROR;
				CLANG_WARN_DOCUMENTATION_COMMENTS = YES;
				CLANG_WARN_EMPTY_BODY = YES;
				CLANG_WARN_ENUM_CONVERSION = YES;
				CLANG_WARN_INFINITE_RECURSION = YES;
				CLANG_WARN_INT_CONVERSION = YES;
				CLANG_WARN_NON_LITERAL_NULL_CONVERSION = YES;
				CLANG_WARN_OBJC_IMPLICIT_RETAIN_SELF = YES;
				CLANG_WARN_OBJC_LITERAL_CONVERSION = YES;
				CLANG_WARN_OBJC_ROOT_CLASS = YES_ERROR;
				CLANG_WARN_QUOTED_INCLUDE_IN_FRAMEWORK_HEADER = YES;
				CLANG_WARN_RANGE_LOOP_ANALYSIS = YES;
				CLANG_WARN_STRICT_PROTOTYPES = YES;
				CLANG_WARN_SUSPICIOUS_MOVE = YES;
				CLANG_WARN_UNGUARDED_AVAILABILITY = YES_AGGRESSIVE;
				CLANG_WARN_UNREACHABLE_CODE = YES;
				CLANG_WARN__DUPLICATE_METHOD_MATCH = YES;
				COPY_PHASE_STRIP = NO;
				DEBUG_INFORMATION_FORMAT = dwarf;
				ENABLE_STRICT_OBJC_MSGSEND = YES;
				ENABLE_TESTABILITY = YES;
				ENABLE_USER_SCRIPT_SANDBOXING = YES;
				GCC_C_LANGUAGE_STANDARD = gnu17;
				GCC_DYNAMIC_NO_PIC = NO;
				GCC_NO_COMMON_BLOCKS = YES;
				GCC_OPTIMIZATION_LEVEL = 0;
				GCC_PREPROCESSOR_DEFINITIONS = (
					"DEBUG=1",
					"$(inherited)",
				);
				GCC_WARN_64_TO_32_BIT_CONVERSION = YES;
				GCC_WARN_ABOUT_RETURN_TYPE = YES_ERROR;
				GCC_WARN_UNDECLARED_SELECTOR = YES;
				GCC_WARN_UNINITIALIZED_AUTOS = YES_AGGRESSIVE;
				GCC_WARN_UNUSED_FUNCTION = YES;
				GCC_WARN_UNUSED_VARIABLE = YES;
				IPHONEOS_DEPLOYMENT_TARGET = 26.4;
				LOCALIZATION_PREFERS_STRING_CATALOGS = YES;
				MTL_ENABLE_DEBUG_INFO = INCLUDE_SOURCE;
				MTL_FAST_MATH = YES;
				ONLY_ACTIVE_ARCH = YES;
				SDKROOT = iphoneos;
				SWIFT_ACTIVE_COMPILATION_CONDITIONS = "DEBUG $(inherited)";
				SWIFT_OPTIMIZATION_LEVEL = "-Onone";
			};
			name = Debug;
		};
		9EE25E172F8410E5009FB801 /* Release */ = {
			isa = XCBuildConfiguration;
			baseConfigurationReference = 7C0DE5160000000000000001 /* Signing.xcconfig */;
			buildSettings = {
				ALWAYS_SEARCH_USER_PATHS = NO;
				ASSETCATALOG_COMPILER_GENERATE_SWIFT_ASSET_SYMBOL_EXTENSIONS = YES;
				CLANG_ANALYZER_NONNULL = YES;
				CLANG_ANALYZER_NUMBER_OBJECT_CONVERSION = YES_AGGRESSIVE;
				CLANG_CXX_LANGUAGE_STANDARD = "gnu++20";
				CLANG_ENABLE_MODULES = YES;
				CLANG_ENABLE_OBJC_ARC = YES;
				CLANG_ENABLE_OBJC_WEAK = YES;
				CLANG_WARN_BLOCK_CAPTURE_AUTORELEASING = YES;
				CLANG_WARN_BOOL_CONVERSION = YES;
				CLANG_WARN_COMMA = YES;
				CLANG_WARN_CONSTANT_CONVERSION = YES;
				CLANG_WARN_DEPRECATED_OBJC_IMPLEMENTATIONS = YES;
				CLANG_WARN_DIRECT_OBJC_ISA_USAGE = YES_ERROR;
				CLANG_WARN_DOCUMENTATION_COMMENTS = YES;
				CLANG_WARN_EMPTY_BODY = YES;
				CLANG_WARN_ENUM_CONVERSION = YES;
				CLANG_WARN_INFINITE_RECURSION = YES;
				CLANG_WARN_INT_CONVERSION = YES;
				CLANG_WARN_NON_LITERAL_NULL_CONVERSION = YES;
				CLANG_WARN_OBJC_IMPLICIT_RETAIN_SELF = YES;
				CLANG_WARN_OBJC_LITERAL_CONVERSION = YES;
				CLANG_WARN_OBJC_ROOT_CLASS = YES_ERROR;
				CLANG_WARN_QUOTED_INCLUDE_IN_FRAMEWORK_HEADER = YES;
				CLANG_WARN_RANGE_LOOP_ANALYSIS = YES;
				CLANG_WARN_STRICT_PROTOTYPES = YES;
				CLANG_WARN_SUSPICIOUS_MOVE = YES;
				CLANG_WARN_UNGUARDED_AVAILABILITY = YES_AGGRESSIVE;
				CLANG_WARN_UNREACHABLE_CODE = YES;
				CLANG_WARN__DUPLICATE_METHOD_MATCH = YES;
				COPY_PHASE_STRIP = NO;
				DEBUG_INFORMATION_FORMAT = "dwarf-with-dsym";
				ENABLE_NS_ASSERTIONS = NO;
				ENABLE_STRICT_OBJC_MSGSEND = YES;
				ENABLE_USER_SCRIPT_SANDBOXING = YES;
				GCC_C_LANGUAGE_STANDARD = gnu17;
				GCC_NO_COMMON_BLOCKS = YES;
				GCC_WARN_64_TO_32_BIT_CONVERSION = YES;
				GCC_WARN_ABOUT_RETURN_TYPE = YES_ERROR;
				GCC_WARN_UNDECLARED_SELECTOR = YES;
				GCC_WARN_UNINITIALIZED_AUTOS = YES_AGGRESSIVE;
				GCC_WARN_UNUSED_FUNCTION = YES;
				GCC_WARN_UNUSED_VARIABLE = YES;
				IPHONEOS_DEPLOYMENT_TARGET = 26.4;
				LOCALIZATION_PREFERS_STRING_CATALOGS = YES;
				MTL_ENABLE_DEBUG_INFO = NO;
				MTL_FAST_MATH = YES;
				SDKROOT = iphoneos;
				SWIFT_COMPILATION_MODE = wholemodule;
				VALIDATE_PRODUCT = YES;
			};
			name = Release;
		};
		9EE25E192F8410E5009FB801 /* Debug */ = {
			isa = XCBuildConfiguration;
			buildSettings = {
				ASSETCATALOG_COMPILER_APPICON_NAME = AppIcon;
				ASSETCATALOG_COMPILER_GLOBAL_ACCENT_COLOR_NAME = AccentColor;
				CODE_SIGN_STYLE = Automatic;
				CURRENT_PROJECT_VERSION = 1;
                CODE_SIGN_ENTITLEMENTS = Keychain.entitlements;
				ENABLE_PREVIEWS = YES;
				GENERATE_INFOPLIST_FILE = YES;
				INFOPLIST_FILE = Info.plist;
				INFOPLIST_KEY_CFBundleDisplayName = Sightline;
				INFOPLIST_KEY_NSCameraUsageDescription = "Sightline uses the camera only to track the phone's movement for your Blender camera.";
				INFOPLIST_KEY_UIApplicationSceneManifest_Generation = YES;
				INFOPLIST_KEY_UIApplicationSupportsIndirectInputEvents = YES;
				INFOPLIST_KEY_UILaunchScreen_Generation = YES;
				INFOPLIST_KEY_UISupportedInterfaceOrientations_iPad = "UIInterfaceOrientationPortrait UIInterfaceOrientationPortraitUpsideDown UIInterfaceOrientationLandscapeLeft UIInterfaceOrientationLandscapeRight";
				INFOPLIST_KEY_UISupportedInterfaceOrientations_iPhone = "UIInterfaceOrientationLandscapeLeft UIInterfaceOrientationLandscapeRight";
				LD_RUNPATH_SEARCH_PATHS = (
					"$(inherited)",
					"@executable_path/Frameworks",
				);
				MARKETING_VERSION = 1.0;
				PRODUCT_BUNDLE_IDENTIFIER = kr8t0s.Sightline;
				PRODUCT_NAME = "$(TARGET_NAME)";
				STRING_CATALOG_GENERATE_SYMBOLS = YES;
				SWIFT_APPROACHABLE_CONCURRENCY = YES;
				SWIFT_DEFAULT_ACTOR_ISOLATION = MainActor;
				SWIFT_EMIT_LOC_STRINGS = YES;
				SWIFT_UPCOMING_FEATURE_MEMBER_IMPORT_VISIBILITY = YES;
				SWIFT_VERSION = 6.0;
				TARGETED_DEVICE_FAMILY = "1,2";
			};
			name = Debug;
		};
		9EE25E1A2F8410E5009FB801 /* Release */ = {
			isa = XCBuildConfiguration;
			buildSettings = {
				ASSETCATALOG_COMPILER_APPICON_NAME = AppIcon;
				ASSETCATALOG_COMPILER_GLOBAL_ACCENT_COLOR_NAME = AccentColor;
				CODE_SIGN_STYLE = Automatic;
                CODE_SIGN_ENTITLEMENTS = Keychain.entitlements;
				CURRENT_PROJECT_VERSION = 1;
				ENABLE_PREVIEWS = YES;
				GENERATE_INFOPLIST_FILE = YES;
				INFOPLIST_FILE = Info.plist;
				INFOPLIST_KEY_CFBundleDisplayName = Sightline;
				INFOPLIST_KEY_NSCameraUsageDescription = "Sightline uses the camera only to track the phone's movement for your Blender camera.";
				INFOPLIST_KEY_UIApplicationSceneManifest_Generation = YES;
				INFOPLIST_KEY_UIApplicationSupportsIndirectInputEvents = YES;
				INFOPLIST_KEY_UILaunchScreen_Generation = YES;
				INFOPLIST_KEY_UISupportedInterfaceOrientations_iPad = "UIInterfaceOrientationPortrait UIInterfaceOrientationPortraitUpsideDown UIInterfaceOrientationLandscapeLeft UIInterfaceOrientationLandscapeRight";
				INFOPLIST_KEY_UISupportedInterfaceOrientations_iPhone = "UIInterfaceOrientationLandscapeLeft UIInterfaceOrientationLandscapeRight";
				LD_RUNPATH_SEARCH_PATHS = (
					"$(inherited)",
					"@executable_path/Frameworks",
				);
				MARKETING_VERSION = 1.0;
				PRODUCT_BUNDLE_IDENTIFIER = kr8t0s.Sightline;
				PRODUCT_NAME = "$(TARGET_NAME)";
				STRING_CATALOG_GENERATE_SYMBOLS = YES;
				SWIFT_APPROACHABLE_CONCURRENCY = YES;
				SWIFT_DEFAULT_ACTOR_ISOLATION = MainActor;
				SWIFT_EMIT_LOC_STRINGS = YES;
				SWIFT_UPCOMING_FEATURE_MEMBER_IMPORT_VISIBILITY = YES;
				SWIFT_VERSION = 6.0;
				TARGETED_DEVICE_FAMILY = "1,2";
			};
			name = Release;
		};
/* End XCBuildConfiguration section */

/* Begin XCConfigurationList section */
		9E74B7E12F84AF9400B754DD /* Build configuration list for PBXNativeTarget "SightlineIOSTests" */ = {
			isa = XCConfigurationList;
			buildConfigurations = (
				9E74B7E22F84AF9400B754DD /* Debug */,
				9E74B7E32F84AF9400B754DD /* Release */,
			);
			defaultConfigurationIsVisible = 0;
			defaultConfigurationName = Release;
		};
		9EE25E082F8410E3009FB801 /* Build configuration list for PBXProject "SightlineIOS" */ = {
			isa = XCConfigurationList;
			buildConfigurations = (
				9EE25E162F8410E5009FB801 /* Debug */,
				9EE25E172F8410E5009FB801 /* Release */,
			);
			defaultConfigurationIsVisible = 0;
			defaultConfigurationName = Release;
		};
		9EE25E182F8410E5009FB801 /* Build configuration list for PBXNativeTarget "SightlineIOS" */ = {
			isa = XCConfigurationList;
			buildConfigurations = (
				9EE25E192F8410E5009FB801 /* Debug */,
				9EE25E1A2F8410E5009FB801 /* Release */,
			);
			defaultConfigurationIsVisible = 0;
			defaultConfigurationName = Release;
		};
/* End XCConfigurationList section */

/* Begin XCRemoteSwiftPackageReference section */
		7C0DE5A10000000000000001 /* XCRemoteSwiftPackageReference "swift-srp" */ = {
			isa = XCRemoteSwiftPackageReference;
			repositoryURL = "https://github.com/adam-fowler/swift-srp";
			requirement = {
				kind = exactVersion;
				version = 2.4.0;
			};
		};
		7C0DE5A10000000000000002 /* XCRemoteSwiftPackageReference "big-num" */ = {
			isa = XCRemoteSwiftPackageReference;
			repositoryURL = "https://github.com/adam-fowler/big-num";
			requirement = {
				kind = exactVersion;
				version = 2.0.3;
			};
		};
/* End XCRemoteSwiftPackageReference section */

/* Begin XCSwiftPackageProductDependency section */
		7C0DE5A10000000000000011 /* SRP */ = {
			isa = XCSwiftPackageProductDependency;
			package = 7C0DE5A10000000000000001 /* XCRemoteSwiftPackageReference "swift-srp" */;
			productName = SRP;
		};
		7C0DE5A10000000000000012 /* BigNum */ = {
			isa = XCSwiftPackageProductDependency;
			package = 7C0DE5A10000000000000002 /* XCRemoteSwiftPackageReference "big-num" */;
			productName = BigNum;
		};
		7C0DE5A10000000000000013 /* SRP */ = {
			isa = XCSwiftPackageProductDependency;
			package = 7C0DE5A10000000000000001 /* XCRemoteSwiftPackageReference "swift-srp" */;
			productName = SRP;
		};
		7C0DE5A10000000000000014 /* BigNum */ = {
			isa = XCSwiftPackageProductDependency;
			package = 7C0DE5A10000000000000002 /* XCRemoteSwiftPackageReference "big-num" */;
			productName = BigNum;
		};
/* End XCSwiftPackageProductDependency section */
	};
	rootObject = 9EE25E052F8410E3009FB801 /* Project object */;
}
